
Microsoft Visual Studio Solution File, Format Version 12.00
# Visual Studio Version 17
VisualStudioVersion = 17.6.33829.357
MinimumVisualStudioVersion = 10.0.40219.1
Project("{FAE04EC0-301F-11D3-BF4B-00C04F79EFBC}") = "EmployementHeroTest", "..\EmploymentHero\EmployementHeroTest\EmployementHeroTest.csproj", "{ACC1A6F0-5DB2-4C48-A674-7A86BDB26C68}"
EndProject
Project("{FAE04EC0-301F-11D3-BF4B-00C04F79EFBC}") = "EmploymentHeroUnitTest", "..\EmploymentHero\EmploymentHeroUnitTest\EmploymentHeroUnitTest.csproj", "{25335D71-F008-4EC2-ACBD-F7AB994AA47A}"
EndProject
Global
	GlobalSection(SolutionConfigurationPlatforms) = preSolution
		Debug|Any CPU = Debug|Any CPU
		Release|Any CPU = Release|Any CPU
	EndGlobalSection
	GlobalSection(ProjectConfigurationPlatforms) = postSolution
		{ACC1A6F0-5DB2-4C48-A674-7A86BDB26C68}.Debug|Any CPU.ActiveCfg = Debug|Any CPU
		{ACC1A6F0-5DB2-4C48-A674-7A86BDB26C68}.Debug|Any CPU.Build.0 = Debug|Any CPU
		{ACC1A6F0-5DB2-4C48-A674-7A86BDB26C68}.Release|Any CPU.ActiveCfg = Release|Any CPU
		{ACC1A6F0-5DB2-4C48-A674-7A86BDB26C68}.Release|Any CPU.Build.0 = Release|Any CPU
		{25335D71-F008-4EC2-ACBD-F7AB994AA47A}.Debug|Any CPU.ActiveCfg = Debug|Any CPU
		{25335D71-F008-4EC2-ACBD-F7AB994AA47A}.Debug|Any CPU.Build.0 = Debug|Any CPU
		{25335D71-F008-4EC2-ACBD-F7AB994AA47A}.Release|Any CPU.ActiveCfg = Release|Any CPU
		{25335D71-F008-4EC2-ACBD-F7AB994AA47A}.Release|Any CPU.Build.0 = Release|Any CPU
	EndGlobalSection
	GlobalSection(SolutionProperties) = preSolution
		HideSolutionNode = FALSE
	EndGlobalSection
	GlobalSection(ExtensibilityGlobals) = postSolution
		SolutionGuid = {2BEE8195-A661-42F6-990D-38EB8F6684E2}
	EndGlobalSection
EndGlobal
